// !$*UTF8*$!
{
	archiveVersion = 1;
	classes = {
	};
	objectVersion = 46;
	objects = {

/* Begin PBXBuildFile section */
		AF8FA76C454B0096FC4BA315 /* Pods_ColorControl.framework in Frameworks */ = {isa = PBXBuildFile; fileRef = A094CBBA326F4199201005FF /* Pods_ColorControl.framework */; };
		CE0871641BEF8EC90025646C /* AppDelegate.swift in Sources */ = {isa = PBXBuildFile; fileRef = CE0871631BEF8EC90025646C /* AppDelegate.swift */; };
		CE0871661BEF8EC90025646C /* ViewController.swift in Sources */ = {isa = PBXBuildFile; fileRef = CE0871651BEF8EC90025646C /* ViewController.swift */; };
		CE0871691BEF8EC90025646C /* Main.storyboard in Resources */ = {isa = PBXBuildFile; fileRef = CE0871671BEF8EC90025646C /* Main.storyboard */; };
		CE08716B1BEF8EC90025646C /* Assets.xcassets in Resources */ = {isa = PBXBuildFile; fileRef = CE08716A1BEF8EC90025646C /* Assets.xcassets */; };
		CE08716E1BEF8EC90025646C /* LaunchScreen.storyboard in Resources */ = {isa = PBXBuildFile; fileRef = CE08716C1BEF8EC90025646C /* LaunchScreen.storyboard */; };
		CE4490491BF272D40033A7E8 /* MDG.framework in Frameworks */ = {isa = PBXBuildFile; fileRef = CE4490481BF272D40033A7E8 /* MDG.framework */; };
/* End PBXBuildFile section */

/* Begin PBXCopyFilesBuildPhase section */
		CE47230F1BF253E5001C6508 /* CopyFiles */ = {
			isa = PBXCopyFilesBuildPhase;
			buildActionMask = 2147483647;
			dstPath = "";
			dstSubfolderSpec = 16;
			files = (
			);
			runOnlyForDeploymentPostprocessing = 0;
		};
/* End PBXCopyFilesBuildPhase section */

/* Begin PBXFileReference section */
		A094CBBA326F4199201005FF /* Pods_ColorControl.framework */ = {isa = PBXFileReference; explicitFileType = wrapper.framework; includeInIndex = 0; path = Pods_ColorControl.framework; sourceTree = BUILT_PRODUCTS_DIR; };
		CE0871601BEF8EC90025646C /* ColorControl.app */ = {isa = PBXFileReference; explicitFileType = wrapper.application; includeInIndex = 0; path = ColorControl.app; sourceTree = BUILT_PRODUCTS_DIR; };
		CE0871631BEF8EC90025646C /* AppDelegate.swift */ = {isa = PBXFileReference; lastKnownFileType = sourcecode.swift; path = AppDelegate.swift; sourceTree = "<group>"; };
		CE0871651BEF8EC90025646C /* ViewController.swift */ = {isa = PBXFileReference; lastKnownFileType = sourcecode.swift; path = ViewController.swift; sourceTree = "<group>"; };
		CE0871681BEF8EC90025646C /* Base */ = {isa = PBXFileReference; lastKnownFileType = file.storyboard; name = Base; path = Base.lproj/Main.storyboard; sourceTree = "<group>"; };
		CE08716A1BEF8EC90025646C /* Assets.xcassets */ = {isa = PBXFileReference; lastKnownFileType = folder.assetcatalog; path = Assets.xcassets; sourceTree = "<group>"; };
		CE08716D1BEF8EC90025646C /* Base */ = {isa = PBXFileReference; lastKnownFileType = file.storyboard; name = Base; path = Base.lproj/LaunchScreen.storyboard; sourceTree = "<group>"; };
		CE08716F1BEF8EC90025646C /* Info.plist */ = {isa = PBXFileReference; lastKnownFileType = text.plist.xml; path = Info.plist; sourceTree = "<group>"; };
		CE4490481BF272D40033A7E8 /* MDG.framework */ = {isa = PBXFileReference; lastKnownFileType = wrapper.framework; name = MDG.framework; path = MDGChat/Externals/MDG.framework; sourceTree = "<group>"; };
		DA534BF929ECBFC2818BE37B /* Pods-ColorControl.debug.xcconfig */ = {isa = PBXFileReference; includeInIndex = 1; lastKnownFileType = text.xcconfig; name = "Pods-ColorControl.debug.xcconfig"; path = "Pods/Target Support Files/Pods-ColorControl/Pods-ColorControl.debug.xcconfig"; sourceTree = "<group>"; };
		FAF31494B3ACAC7A05D8DBBA /* Pods-ColorControl.release.xcconfig */ = {isa = PBXFileReference; includeInIndex = 1; lastKnownFileType = text.xcconfig; name = "Pods-ColorControl.release.xcconfig"; path = "Pods/Target Support Files/Pods-ColorControl/Pods-ColorControl.release.xcconfig"; sourceTree = "<group>"; };
/* End PBXFileReference section */

/* Begin PBXFrameworksBuildPhase section */
		CE08715D1BEF8EC90025646C /* Frameworks */ = {
			isa = PBXFrameworksBuildPhase;
			buildActionMask = 2147483647;
			files = (
				AF8FA76C454B0096FC4BA315 /* Pods_ColorControl.framework in Frameworks */,
				CE4490491BF272D40033A7E8 /* MDG.framework in Frameworks */,
			);
			runOnlyForDeploymentPostprocessing = 0;
		};
/* End PBXFrameworksBuildPhase section */

/* Begin PBXGroup section */
		7FD882A52661828784CFF7DF /* Pods */ = {
			isa = PBXGroup;
			children = (
				DA534BF929ECBFC2818BE37B /* Pods-ColorControl.debug.xcconfig */,
				FAF31494B3ACAC7A05D8DBBA /* Pods-ColorControl.release.xcconfig */,
			);
			name = Pods;
			sourceTree = "<group>";
		};
		CE0871571BEF8EC90025646C = {
			isa = PBXGroup;
			children = (
				CE4490481BF272D40033A7E8 /* MDG.framework */,
				CE0871621BEF8EC90025646C /* ColorControl */,
				CE0871611BEF8EC90025646C /* Products */,
				7FD882A52661828784CFF7DF /* Pods */,
				E30DA500DD8E94B86F5F0C81 /* Frameworks */,
			);
			sourceTree = "<group>";
		};
		CE0871611BEF8EC90025646C /* Products */ = {
			isa = PBXGroup;
			children = (
				CE0871601BEF8EC90025646C /* ColorControl.app */,
			);
			name = Products;
			sourceTree = "<group>";
		};
		CE0871621BEF8EC90025646C /* ColorControl */ = {
			isa = PBXGroup;
			children = (
				CE0871631BEF8EC90025646C /* AppDelegate.swift */,
				CE0871651BEF8EC90025646C /* ViewController.swift */,
				CE0871671BEF8EC90025646C /* Main.storyboard */,
				CE08716A1BEF8EC90025646C /* Assets.xcassets */,
				CE08716C1BEF8EC90025646C /* LaunchScreen.storyboard */,
				CE08716F1BEF8EC90025646C /* Info.plist */,
			);
			path = ColorControl;
			sourceTree = "<group>";
		};
		E30DA500DD8E94B86F5F0C81 /* Frameworks */ = {
			isa = PBXGroup;
			children = (
				A094CBBA326F4199201005FF /* Pods_ColorControl.framework */,
			);
			name = Frameworks;
			sourceTree = "<group>";
		};
/* End PBXGroup section */

/* Begin PBXNativeTarget section */
		CE08715F1BEF8EC90025646C /* ColorControl */ = {
			isa = PBXNativeTarget;
			buildConfigurationList = CE0871721BEF8EC90025646C /* Build configuration list for PBXNativeTarget "ColorControl" */;
			buildPhases = (
				C98EC54FC7935D65D67464FC /* Check Pods Manifest.lock */,
				CE08715C1BEF8EC90025646C /* Sources */,
				CE08715D1BEF8EC90025646C /* Frameworks */,
				CE08715E1BEF8EC90025646C /* Resources */,
				CE47230F1BF253E5001C6508 /* CopyFiles */,
				FD215ABD8753A07ED59F365C /* Embed Pods Frameworks */,
				C61E3A1400C99296AFFD5378 /* Copy Pods Resources */,
			);
			buildRules = (
			);
			dependencies = (
			);
			name = ColorControl;
			productName = ColorControl;
			productReference = CE0871601BEF8EC90025646C /* ColorControl.app */;
			productType = "com.apple.product-type.application";
		};
/* End PBXNativeTarget section */

/* Begin PBXProject section */
		CE0871581BEF8EC90025646C /* Project object */ = {
			isa = PBXProject;
			attributes = {
				LastSwiftUpdateCheck = 0710;
				LastUpgradeCheck = 0710;
				ORGANIZATIONNAME = "Simon Hem Pedersen";
				TargetAttributes = {
					CE08715F1BEF8EC90025646C = {
						CreatedOnToolsVersion = 7.1;
						DevelopmentTeam = 5X7D4Y9YHK;
					};
				};
			};
			buildConfigurationList = CE08715B1BEF8EC90025646C /* Build configuration list for PBXProject "ColorControl" */;
			compatibilityVersion = "Xcode 3.2";
			developmentRegion = English;
			hasScannedForEncodings = 0;
			knownRegions = (
				en,
				Base,
			);
			mainGroup = CE0871571BEF8EC90025646C;
			productRefGroup = CE0871611BEF8EC90025646C /* Products */;
			projectDirPath = "";
			projectRoot = "";
			targets = (
				CE08715F1BEF8EC90025646C /* ColorControl */,
			);
		};
/* End PBXProject section */

/* Begin PBXResourcesBuildPhase section */
		CE08715E1BEF8EC90025646C /* Resources */ = {
			isa = PBXResourcesBuildPhase;
			buildActionMask = 2147483647;
			files = (
				CE08716E1BEF8EC90025646C /* LaunchScreen.storyboard in Resources */,
				CE08716B1BEF8EC90025646C /* Assets.xcassets in Resources */,
				CE0871691BEF8EC90025646C /* Main.storyboard in Resources */,
			);
			runOnlyForDeploymentPostprocessing = 0;
		};
/* End PBXResourcesBuildPhase section */

/* Begin PBXShellScriptBuildPhase section */
		C61E3A1400C99296AFFD5378 /* Copy Pods Resources */ = {
			isa = PBXShellScriptBuildPhase;
			buildActionMask = 2147483647;
			files = (
			);
			inputPaths = (
			);
			name = "Copy Pods Resources";
			outputPaths = (
			);
			runOnlyForDeploymentPostprocessing = 0;
			shellPath = /bin/sh;
			shellScript = "\"${SRCROOT}/Pods/Target Support Files/Pods-ColorControl/Pods-ColorControl-resources.sh\"\n";
			showEnvVarsInLog = 0;
		};
		C98EC54FC7935D65D67464FC /* Check Pods Manifest.lock */ = {
			isa = PBXShellScriptBuildPhase;
			buildActionMask = 2147483647;
			files = (
			);
			inputPaths = (
			);
			name = "Check Pods Manifest.lock";
			outputPaths = (
			);
			runOnlyForDeploymentPostprocessing = 0;
			shellPath = /bin/sh;
			shellScript = "diff \"${PODS_ROOT}/../Podfile.lock\" \"${PODS_ROOT}/Manifest.lock\" > /dev/null\nif [[ $? != 0 ]] ; then\n    cat << EOM\nerror: The sandbox is not in sync with the Podfile.lock. Run 'pod install' or update your CocoaPods installation.\nEOM\n    exit 1\nfi\n";
			showEnvVarsInLog = 0;
		};
		FD215ABD8753A07ED59F365C /* Embed Pods Frameworks */ = {
			isa = PBXShellScriptBuildPhase;
			buildActionMask = 2147483647;
			files = (
			);
			inputPaths = (
			);
			name = "Embed Pods Frameworks";
			outputPaths = (
			);
			runOnlyForDeploymentPostprocessing = 0;
			shellPath = /bin/sh;
			shellScript = "\"${SRCROOT}/Pods/Target Support Files/Pods-ColorControl/Pods-ColorControl-frameworks.sh\"\n";
			showEnvVarsInLog = 0;
		};
/* End PBXShellScriptBuildPhase section */

/* Begin PBXSourcesBuildPhase section */
		CE08715C1BEF8EC90025646C /* Sources */ = {
			isa = PBXSourcesBuildPhase;
			buildActionMask = 2147483647;
			files = (
				CE0871661BEF8EC90025646C /* ViewController.swift in Sources */,
				CE0871641BEF8EC90025646C /* AppDelegate.swift in Sources */,
			);
			runOnlyForDeploymentPostprocessing = 0;
		};
/* End PBXSourcesBuildPhase section */

/* Begin PBXVariantGroup section */
		CE0871671BEF8EC90025646C /* Main.storyboard */ = {
			isa = PBXVariantGroup;
			children = (
				CE0871681BEF8EC90025646C /* Base */,
			);
			name = Main.storyboard;
			sourceTree = "<group>";
		};
		CE08716C1BEF8EC90025646C /* LaunchScreen.storyboard */ = {
			isa = PBXVariantGroup;
			children = (
				CE08716D1BEF8EC90025646C /* Base */,
			);
			name = LaunchScreen.storyboard;
			sourceTree = "<group>";
		};
/* End PBXVariantGroup section */

/* Begin XCBuildConfiguration section */
		CE0871701BEF8EC90025646C /* Debug */ = {
			isa = XCBuildConfiguration;
			buildSettings = {
				ALWAYS_SEARCH_USER_PATHS = NO;
				CLANG_CXX_LANGUAGE_STANDARD = "gnu++0x";
				CLANG_CXX_LIBRARY = "libc++";
				CLANG_ENABLE_MODULES = YES;
				CLANG_ENABLE_OBJC_ARC = YES;
				CLANG_WARN_BOOL_CONVERSION = YES;
				CLANG_WARN_CONSTANT_CONVERSION = YES;
				CLANG_WARN_DIRECT_OBJC_ISA_USAGE = YES_ERROR;
				CLANG_WARN_EMPTY_BODY = YES;
				CLANG_WARN_ENUM_CONVERSION = YES;
				CLANG_WARN_INT_CONVERSION = YES;
				CLANG_WARN_OBJC_ROOT_CLASS = YES_ERROR;
				CLANG_WARN_UNREACHABLE_CODE = YES;
				CLANG_WARN__DUPLICATE_METHOD_MATCH = YES;
				"CODE_SIGN_IDENTITY[sdk=iphoneos*]" = "iPhone Developer";
				COPY_PHASE_STRIP = NO;
				DEBUG_INFORMATION_FORMAT = dwarf;
				ENABLE_STRICT_OBJC_MSGSEND = YES;
				ENABLE_TESTABILITY = YES;
				GCC_C_LANGUAGE_STANDARD = gnu99;
				GCC_DYNAMIC_NO_PIC = NO;
				GCC_NO_COMMON_BLOCKS = YES;
				GCC_OPTIMIZATION_LEVEL = 0;
				GCC_PREPROCESSOR_DEFINITIONS = (
					"DEBUG=1",
					"$(inherited)",
				);
				GCC_WARN_64_TO_32_BIT_CONVERSION = YES;
				GCC_WARN_ABOUT_RETURN_TYPE = YES_ERROR;
				GCC_WARN_UNDECLARED_SELECTOR = YES;
				GCC_WARN_UNINITIALIZED_AUTOS = YES_AGGRESSIVE;
				GCC_WARN_UNUSED_FUNCTION = YES;
				GCC_WARN_UNUSED_VARIABLE = YES;
				IPHONEOS_DEPLOYMENT_TARGET = 9.1;
				MTL_ENABLE_DEBUG_INFO = YES;
				ONLY_ACTIVE_ARCH = YES;
				SDKROOT = iphoneos;
				SWIFT_OPTIMIZATION_LEVEL = "-Onone";
				TARGETED_DEVICE_FAMILY = "1,2";
			};
			name = Debug;
		};
		CE0871711BEF8EC90025646C /* Release */ = {
			isa = XCBuildConfiguration;
			buildSettings = {
				ALWAYS_SEARCH_USER_PATHS = NO;
				CLANG_CXX_LANGUAGE_STANDARD = "gnu++0x";
				CLANG_CXX_LIBRARY = "libc++";
				CLANG_ENABLE_MODULES = YES;
				CLANG_ENABLE_OBJC_ARC = YES;
				CLANG_WARN_BOOL_CONVERSION = YES;
				CLANG_WARN_CONSTANT_CONVERSION = YES;
				CLANG_WARN_DIRECT_OBJC_ISA_USAGE = YES_ERROR;
				CLANG_WARN_EMPTY_BODY = YES;
				CLANG_WARN_ENUM_CONVERSION = YES;
				CLANG_WARN_INT_CONVERSION = YES;
				CLANG_WARN_OBJC_ROOT_CLASS = YES_ERROR;
				CLANG_WARN_UNREACHABLE_CODE = YES;
				CLANG_WARN__DUPLICATE_METHOD_MATCH = YES;
				"CODE_SIGN_IDENTITY[sdk=iphoneos*]" = "iPhone Developer";
				COPY_PHASE_STRIP = NO;
				DEBUG_INFORMATION_FORMAT = "dwarf-with-dsym";
				ENABLE_NS_ASSERTIONS = NO;
				ENABLE_STRICT_OBJC_MSGSEND = YES;
				GCC_C_LANGUAGE_STANDARD = gnu99;
				GCC_NO_COMMON_BLOCKS = YES;
				GCC_WARN_64_TO_32_BIT_CONVERSION = YES;
				GCC_WARN_ABOUT_RETURN_TYPE = YES_ERROR;
				GCC_WARN_UNDECLARED_SELECTOR = YES;
				GCC_WARN_UNINITIALIZED_AUTOS = YES_AGGRESSIVE;
				GCC_WARN_UNUSED_FUNCTION = YES;
				GCC_WARN_UNUSED_VARIABLE = YES;
				IPHONEOS_DEPLOYMENT_TARGET = 9.1;
				MTL_ENABLE_DEBUG_INFO = NO;
				SDKROOT = iphoneos;
				TARGETED_DEVICE_FAMILY = "1,2";
				VALIDATE_PRODUCT = YES;
			};
			name = Release;
		};
		CE0871731BEF8EC90025646C /* Debug */ = {
			isa = XCBuildConfiguration;
			baseConfigurationReference = DA534BF929ECBFC2818BE37B /* Pods-ColorControl.debug.xcconfig */;
			buildSettings = {
				ASSETCATALOG_COMPILER_APPICON_NAME = AppIcon;
				CODE_SIGN_IDENTITY = "iPhone Developer";
				"CODE_SIGN_IDENTITY[sdk=iphoneos*]" = "iPhone Developer";
				FRAMEWORK_SEARCH_PATHS = (
					"$(inherited)",
					"$(PROJECT_DIR)",
					"$(PROJECT_DIR)/MDGChat/Externals",
				);
				INFOPLIST_FILE = ColorControl/Info.plist;
				LD_RUNPATH_SEARCH_PATHS = "$(inherited) @executable_path/Frameworks";
				PRODUCT_BUNDLE_IDENTIFIER = dk.trifork.ColorControl2;
				PRODUCT_NAME = "$(TARGET_NAME)";
				PROVISIONING_PROFILE = "";
			};
			name = Debug;
		};
		CE0871741BEF8EC90025646C /* Release */ = {
			isa = XCBuildConfiguration;
			baseConfigurationReference = FAF31494B3ACAC7A05D8DBBA /* Pods-ColorControl.release.xcconfig */;
			buildSettings = {
				ASSETCATALOG_COMPILER_APPICON_NAME = AppIcon;
				CODE_SIGN_IDENTITY = "iPhone Developer";
				"CODE_SIGN_IDENTITY[sdk=iphoneos*]" = "iPhone Developer";
				FRAMEWORK_SEARCH_PATHS = (
					"$(inherited)",
					"$(PROJECT_DIR)",
					"$(PROJECT_DIR)/MDGChat/Externals",
				);
				INFOPLIST_FILE = ColorControl/Info.plist;
				LD_RUNPATH_SEARCH_PATHS = "$(inherited) @executable_path/Frameworks";
				PRODUCT_BUNDLE_IDENTIFIER = dk.trifork.ColorControl2;
				PRODUCT_NAME = "$(TARGET_NAME)";
				PROVISIONING_PROFILE = "";
			};
			name = Release;
		};
/* End XCBuildConfiguration section */

/* Begin XCConfigurationList section */
		CE08715B1BEF8EC90025646C /* Build configuration list for PBXProject "ColorControl" */ = {
			isa = XCConfigurationList;
			buildConfigurations = (
				CE0871701BEF8EC90025646C /* Debug */,
				CE0871711BEF8EC90025646C /* Release */,
			);
			defaultConfigurationIsVisible = 0;
			defaultConfigurationName = Release;
		};
		CE0871721BEF8EC90025646C /* Build configuration list for PBXNativeTarget "ColorControl" */ = {
			isa = XCConfigurationList;
			buildConfigurations = (
				CE0871731BEF8EC90025646C /* Debug */,
				CE0871741BEF8EC90025646C /* Release */,
			);
			defaultConfigurationIsVisible = 0;
			defaultConfigurationName = Release;
		};
/* End XCConfigurationList section */
	};
	rootObject = CE0871581BEF8EC90025646C /* Project object */;
}
