// !$*UTF8*$!
{
	archiveVersion = 1;
	classes = {
	};
	objectVersion = 46;
	objects = {

/* Begin PBXBuildFile section */
		CE0871641BEF8EC90025646C /* AppDelegate.swift in Sources */ = {isa = PBXBuildFile; fileRef = CE0871631BEF8EC90025646C /* AppDelegate.swift */; };
		CE0871661BEF8EC90025646C /* ViewController.swift in Sources */ = {isa = PBXBuildFile; fileRef = CE0871651BEF8EC90025646C /* ViewController.swift */; };
		CE0871691BEF8EC90025646C /* Main.storyboard in Resources */ = {isa = PBXBuildFile; fileRef = CE0871671BEF8EC90025646C /* Main.storyboard */; };
		CE08716B1BEF8EC90025646C /* Assets.xcassets in Resources */ = {isa = PBXBuildFile; fileRef = CE08716A1BEF8EC90025646C /* Assets.xcassets */; };
		CE08716E1BEF8EC90025646C /* LaunchScreen.storyboard in Resources */ = {isa = PBXBuildFile; fileRef = CE08716C1BEF8EC90025646C /* LaunchScreen.storyboard */; };
/* End PBXBuildFile section */

/* Begin PBXFileReference section */
		CE0871601BEF8EC90025646C /* ColorControl.app */ = {isa = PBXFileReference; explicitFileType = wrapper.application; includeInIndex = 0; path = ColorControl.app; sourceTree = BUILT_PRODUCTS_DIR; };
		CE0871631BEF8EC90025646C /* AppDelegate.swift */ = {isa = PBXFileReference; lastKnownFileType = sourcecode.swift; path = AppDelegate.swift; sourceTree = "<group>"; };
		CE0871651BEF8EC90025646C /* ViewController.swift */ = {isa = PBXFileReference; lastKnownFileType = sourcecode.swift; path = ViewController.swift; sourceTree = "<group>"; };
		CE0871681BEF8EC90025646C /* Base */ = {isa = PBXFileReference; lastKnownFileType = file.storyboard; name = Base; path = Base.lproj/Main.storyboard; sourceTree = "<group>"; };
		CE08716A1BEF8EC90025646C /* Assets.xcassets */ = {isa = PBXFileReference; lastKnownFileType = folder.assetcatalog; path = Assets.xcassets; sourceTree = "<group>"; };
		CE08716D1BEF8EC90025646C /* Base */ = {isa = PBXFileReference; lastKnownFileType = file.storyboard; name = Base; path = Base.lproj/LaunchScreen.storyboard; sourceTree = "<group>"; };
		CE08716F1BEF8EC90025646C /* Info.plist */ = {isa = PBXFileReference; lastKnownFileType = text.plist.xml; path = Info.plist; sourceTree = "<group>"; };
/* End PBXFileReference section */

/* Begin PBXFrameworksBuildPhase section */
		CE08715D1BEF8EC90025646C /* Frameworks */ = {
			isa = PBXFrameworksBuildPhase;
			buildActionMask = 2147483647;
			files = (
			);
			runOnlyForDeploymentPostprocessing = 0;
		};
/* End PBXFrameworksBuildPhase section */

/* Begin PBXGroup section */
		CE0871571BEF8EC90025646C = {
			isa = PBXGroup;
			children = (
				CE0871621BEF8EC90025646C /* ColorControl */,
				CE0871611BEF8EC90025646C /* Products */,
			);
			sourceTree = "<group>";
		};
		CE0871611BEF8EC90025646C /* Products */ = {
			isa = PBXGroup;
			children = (
				CE0871601BEF8EC90025646C /* ColorControl.app */,
			);
			name = Products;
			sourceTree = "<group>";
		};
		CE0871621BEF8EC90025646C /* ColorControl */ = {
			isa = PBXGroup;
			children = (
				CE0871631BEF8EC90025646C /* AppDelegate.swift */,
				CE0871651BEF8EC90025646C /* ViewController.swift */,
				CE0871671BEF8EC90025646C /* Main.storyboard */,
				CE08716A1BEF8EC90025646C /* Assets.xcassets */,
				CE08716C1BEF8EC90025646C /* LaunchScreen.storyboard */,
				CE08716F1BEF8EC90025646C /* Info.plist */,
			);
			path = ColorControl;
			sourceTree = "<group>";
		};
/* End PBXGroup section */

/* Begin PBXNativeTarget section */
		CE08715F1BEF8EC90025646C /* ColorControl */ = {
			isa = PBXNativeTarget;
			buildConfigurationList = CE0871721BEF8EC90025646C /* Build configuration list for PBXNativeTarget "ColorControl" */;
			buildPhases = (
				CE08715C1BEF8EC90025646C /* Sources */,
				CE08715D1BEF8EC90025646C /* Frameworks */,
				CE08715E1BEF8EC90025646C /* Resources */,
			);
			buildRules = (
			);
			dependencies = (
			);
			name = ColorControl;
			productName = ColorControl;
			productReference = CE0871601BEF8EC90025646C /* ColorControl.app */;
			productType = "com.apple.product-type.application";
		};
/* End PBXNativeTarget section */

/* Begin PBXProject section */
		CE0871581BEF8EC90025646C /* Project object */ = {
			isa = PBXProject;
			attributes = {
				LastSwiftUpdateCheck = 0710;
				LastUpgradeCheck = 0710;
				ORGANIZATIONNAME = "Simon Hem Pedersen";
				TargetAttributes = {
					CE08715F1BEF8EC90025646C = {
						CreatedOnToolsVersion = 7.1;
					};
				};
			};
			buildConfigurationList = CE08715B1BEF8EC90025646C /* Build configuration list for PBXProject "ColorControl" */;
			compatibilityVersion = "Xcode 3.2";
			developmentRegion = English;
			hasScannedForEncodings = 0;
			knownRegions = (
				en,
				Base,
			);
			mainGroup = CE0871571BEF8EC90025646C;
			productRefGroup = CE0871611BEF8EC90025646C /* Products */;
			projectDirPath = "";
			projectRoot = "";
			targets = (
				CE08715F1BEF8EC90025646C /* ColorControl */,
			);
		};
/* End PBXProject section */

/* Begin PBXResourcesBuildPhase section */
		CE08715E1BEF8EC90025646C /* Resources */ = {
			isa = PBXResourcesBuildPhase;
			buildActionMask = 2147483647;
			files = (
				CE08716E1BEF8EC90025646C /* LaunchScreen.storyboard in Resources */,
				CE08716B1BEF8EC90025646C /* Assets.xcassets in Resources */,
				CE0871691BEF8EC90025646C /* Main.storyboard in Resources */,
			);
			runOnlyForDeploymentPostprocessing = 0;
		};
/* End PBXResourcesBuildPhase section */

/* Begin PBXSourcesBuildPhase section */
		CE08715C1BEF8EC90025646C /* Sources */ = {
			isa = PBXSourcesBuildPhase;
			buildActionMask = 2147483647;
			files = (
				CE0871661BEF8EC90025646C /* ViewController.swift in Sources */,
				CE0871641BEF8EC90025646C /* AppDelegate.swift in Sources */,
			);
			runOnlyForDeploymentPostprocessing = 0;
		};
/* End PBXSourcesBuildPhase section */

/* Begin PBXVariantGroup section */
		CE0871671BEF8EC90025646C /* Main.storyboard */ = {
			isa = PBXVariantGroup;
			children = (
				CE0871681BEF8EC90025646C /* Base */,
			);
			name = Main.storyboard;
			sourceTree = "<group>";
		};
		CE08716C1BEF8EC90025646C /* LaunchScreen.storyboard */ = {
			isa = PBXVariantGroup;
			children = (
				CE08716D1BEF8EC90025646C /* Base */,
			);
			name = LaunchScreen.storyboard;
			sourceTree = "<group>";
		};
/* End PBXVariantGroup section */

/* Begin XCBuildConfiguration section */
		CE0871701BEF8EC90025646C /* Debug */ = {
			isa = XCBuildConfiguration;
			buildSettings = {
				ALWAYS_SEARCH_USER_PATHS = NO;
				CLANG_CXX_LANGUAGE_STANDARD = "gnu++0x";
				CLANG_CXX_LIBRARY = "libc++";
				CLANG_ENABLE_MODULES = YES;
				CLANG_ENABLE_OBJC_ARC = YES;
				CLANG_WARN_BOOL_CONVERSION = YES;
				CLANG_WARN_CONSTANT_CONVERSION = YES;
				CLANG_WARN_DIRECT_OBJC_ISA_USAGE = YES_ERROR;
				CLANG_WARN_EMPTY_BODY = YES;
				CLANG_WARN_ENUM_CONVERSION = YES;
				CLANG_WARN_INT_CONVERSION = YES;
				CLANG_WARN_OBJC_ROOT_CLASS = YES_ERROR;
				CLANG_WARN_UNREACHABLE_CODE = YES;
				CLANG_WARN__DUPLICATE_METHOD_MATCH = YES;
				"CODE_SIGN_IDENTITY[sdk=iphoneos*]" = "iPhone Developer";
				COPY_PHASE_STRIP = NO;
				DEBUG_INFORMATION_FORMAT = dwarf;
				ENABLE_STRICT_OBJC_MSGSEND = YES;
				ENABLE_TESTABILITY = YES;
				GCC_C_LANGUAGE_STANDARD = gnu99;
				GCC_DYNAMIC_NO_PIC = NO;
				GCC_NO_COMMON_BLOCKS = YES;
				GCC_OPTIMIZATION_LEVEL = 0;
				GCC_PREPROCESSOR_DEFINITIONS = (
					"DEBUG=1",
					"$(inherited)",
				);
				GCC_WARN_64_TO_32_BIT_CONVERSION = YES;
				GCC_WARN_ABOUT_RETURN_TYPE = YES_ERROR;
				GCC_WARN_UNDECLARED_SELECTOR = YES;
				GCC_WARN_UNINITIALIZED_AUTOS = YES_AGGRESSIVE;
				GCC_WARN_UNUSED_FUNCTION = YES;
				GCC_WARN_UNUSED_VARIABLE = YES;
				IPHONEOS_DEPLOYMENT_TARGET = 9.1;
				MTL_ENABLE_DEBUG_INFO = YES;
				ONLY_ACTIVE_ARCH = YES;
				SDKROOT = iphoneos;
				SWIFT_OPTIMIZATION_LEVEL = "-Onone";
				TARGETED_DEVICE_FAMILY = "1,2";
			};
			name = Debug;
		};
		CE0871711BEF8EC90025646C /* Release */ = {
			isa = XCBuildConfiguration;
			buildSettings = {
				ALWAYS_SEARCH_USER_PATHS = NO;
				CLANG_CXX_LANGUAGE_STANDARD = "gnu++0x";
				CLANG_CXX_LIBRARY = "libc++";
				CLANG_ENABLE_MODULES = YES;
				CLANG_ENABLE_OBJC_ARC = YES;
				CLANG_WARN_BOOL_CONVERSION = YES;
				CLANG_WARN_CONSTANT_CONVERSION = YES;
				CLANG_WARN_DIRECT_OBJC_ISA_USAGE = YES_ERROR;
				CLANG_WARN_EMPTY_BODY = YES;
				CLANG_WARN_ENUM_CONVERSION = YES;
				CLANG_WARN_INT_CONVERSION = YES;
				CLANG_WARN_OBJC_ROOT_CLASS = YES_ERROR;
				CLANG_WARN_UNREACHABLE_CODE = YES;
				CLANG_WARN__DUPLICATE_METHOD_MATCH = YES;
				"CODE_SIGN_IDENTITY[sdk=iphoneos*]" = "iPhone Developer";
				COPY_PHASE_STRIP = NO;
				DEBUG_INFORMATION_FORMAT = "dwarf-with-dsym";
				ENABLE_NS_ASSERTIONS = NO;
				ENABLE_STRICT_OBJC_MSGSEND = YES;
				GCC_C_LANGUAGE_STANDARD = gnu99;
				GCC_NO_COMMON_BLOCKS = YES;
				GCC_WARN_64_TO_32_BIT_CONVERSION = YES;
				GCC_WARN_ABOUT_RETURN_TYPE = YES_ERROR;
				GCC_WARN_UNDECLARED_SELECTOR = YES;
				GCC_WARN_UNINITIALIZED_AUTOS = YES_AGGRESSIVE;
				GCC_WARN_UNUSED_FUNCTION = YES;
				GCC_WARN_UNUSED_VARIABLE = YES;
				IPHONEOS_DEPLOYMENT_TARGET = 9.1;
				MTL_ENABLE_DEBUG_INFO = NO;
				SDKROOT = iphoneos;
				TARGETED_DEVICE_FAMILY = "1,2";
				VALIDATE_PRODUCT = YES;
			};
			name = Release;
		};
		CE0871731BEF8EC90025646C /* Debug */ = {
			isa = XCBuildConfiguration;
			buildSettings = {
				ASSETCATALOG_COMPILER_APPICON_NAME = AppIcon;
				INFOPLIST_FILE = ColorControl/Info.plist;
				LD_RUNPATH_SEARCH_PATHS = "$(inherited) @executable_path/Frameworks";
				PRODUCT_BUNDLE_IDENTIFIER = dk.trifork.ColorControl;
				PRODUCT_NAME = "$(TARGET_NAME)";
			};
			name = Debug;
		};
		CE0871741BEF8EC90025646C /* Release */ = {
			isa = XCBuildConfiguration;
			buildSettings = {
				ASSETCATALOG_COMPILER_APPICON_NAME = AppIcon;
				INFOPLIST_FILE = ColorControl/Info.plist;
				LD_RUNPATH_SEARCH_PATHS = "$(inherited) @executable_path/Frameworks";
				PRODUCT_BUNDLE_IDENTIFIER = dk.trifork.ColorControl;
				PRODUCT_NAME = "$(TARGET_NAME)";
			};
			name = Release;
		};
/* End XCBuildConfiguration section */

/* Begin XCConfigurationList section */
		CE08715B1BEF8EC90025646C /* Build configuration list for PBXProject "ColorControl" */ = {
			isa = XCConfigurationList;
			buildConfigurations = (
				CE0871701BEF8EC90025646C /* Debug */,
				CE0871711BEF8EC90025646C /* Release */,
			);
			defaultConfigurationIsVisible = 0;
			defaultConfigurationName = Release;
		};
		CE0871721BEF8EC90025646C /* Build configuration list for PBXNativeTarget "ColorControl" */ = {
			isa = XCConfigurationList;
			buildConfigurations = (
				CE0871731BEF8EC90025646C /* Debug */,
				CE0871741BEF8EC90025646C /* Release */,
			);
			defaultConfigurationIsVisible = 0;
		};
/* End XCConfigurationList section */
	};
	rootObject = CE0871581BEF8EC90025646C /* Project object */;
}
